// !$*UTF8*$!
{
	archiveVersion = 1;
	classes = {
	};
	objectVersion = 46;
	objects = {

/* Begin PBXBuildFile section */
		185291B51E29EE7F001C9272 /* AppDelegate.swift in Sources */ = {isa = PBXBuildFile; fileRef = 185291B41E29EE7F001C9272 /* AppDelegate.swift */; };
		185291B71E29EE7F001C9272 /* ViewController.swift in Sources */ = {isa = PBXBuildFile; fileRef = 185291B61E29EE7F001C9272 /* ViewController.swift */; };
		185291BA1E29EE7F001C9272 /* Main.storyboard in Resources */ = {isa = PBXBuildFile; fileRef = 185291B81E29EE7F001C9272 /* Main.storyboard */; };
		185291BC1E29EE7F001C9272 /* Assets.xcassets in Resources */ = {isa = PBXBuildFile; fileRef = 185291BB1E29EE7F001C9272 /* Assets.xcassets */; };
		185291BF1E29EE7F001C9272 /* LaunchScreen.storyboard in Resources */ = {isa = PBXBuildFile; fileRef = 185291BD1E29EE7F001C9272 /* LaunchScreen.storyboard */; };
		185291E31E29EE8D001C9272 /* LinkedList.swift in Sources */ = {isa = PBXBuildFile; fileRef = 185291E21E29EE8D001C9272 /* LinkedList.swift */; };
		185291E71E29EF2E001C9272 /* LinkedListTests.swift in Sources */ = {isa = PBXBuildFile; fileRef = 185291E61E29EF2E001C9272 /* LinkedListTests.swift */; };
		185291E81E29EF96001C9272 /* LinkedList.swift in Sources */ = {isa = PBXBuildFile; fileRef = 185291E21E29EE8D001C9272 /* LinkedList.swift */; };
		185291FD1E29F799001C9272 /* file_cpp.png in Resources */ = {isa = PBXBuildFile; fileRef = 185291F01E29F799001C9272 /* file_cpp.png */; };
		185291FE1E29F799001C9272 /* file_objc.png in Resources */ = {isa = PBXBuildFile; fileRef = 185291F11E29F799001C9272 /* file_objc.png */; };
		185291FF1E29F799001C9272 /* file_swift.png in Resources */ = {isa = PBXBuildFile; fileRef = 185291F21E29F799001C9272 /* file_swift.png */; };
		185292001E29F799001C9272 /* jquery.min.js in Resources */ = {isa = PBXBuildFile; fileRef = 185291F31E29F799001C9272 /* jquery.min.js */; };
		185292021E29F799001C9272 /* main.js in Resources */ = {isa = PBXBuildFile; fileRef = 185291F51E29F799001C9272 /* main.js */; };
		185292041E29F799001C9272 /* xcov_logo.png in Resources */ = {isa = PBXBuildFile; fileRef = 185291F71E29F799001C9272 /* xcov_logo.png */; };
/* End PBXBuildFile section */

/* Begin PBXContainerItemProxy section */
		185291C61E29EE80001C9272 /* PBXContainerItemProxy */ = {
			isa = PBXContainerItemProxy;
			containerPortal = 185291A91E29EE7F001C9272 /* Project object */;
			proxyType = 1;
			remoteGlobalIDString = 185291B01E29EE7F001C9272;
			remoteInfo = LInkedListTest;
		};
/* End PBXContainerItemProxy section */

/* Begin PBXFileReference section */
		185291B11E29EE7F001C9272 /* LInkedListTest.app */ = {isa = PBXFileReference; explicitFileType = wrapper.application; includeInIndex = 0; path = LInkedListTest.app; sourceTree = BUILT_PRODUCTS_DIR; };
		185291B41E29EE7F001C9272 /* AppDelegate.swift */ = {isa = PBXFileReference; lastKnownFileType = sourcecode.swift; path = AppDelegate.swift; sourceTree = "<group>"; };
		185291B61E29EE7F001C9272 /* ViewController.swift */ = {isa = PBXFileReference; lastKnownFileType = sourcecode.swift; path = ViewController.swift; sourceTree = "<group>"; };
		185291B91E29EE7F001C9272 /* Base */ = {isa = PBXFileReference; lastKnownFileType = file.storyboard; name = Base; path = Base.lproj/Main.storyboard; sourceTree = "<group>"; };
		185291BB1E29EE7F001C9272 /* Assets.xcassets */ = {isa = PBXFileReference; lastKnownFileType = folder.assetcatalog; path = Assets.xcassets; sourceTree = "<group>"; };
		185291BE1E29EE7F001C9272 /* Base */ = {isa = PBXFileReference; lastKnownFileType = file.storyboard; name = Base; path = Base.lproj/LaunchScreen.storyboard; sourceTree = "<group>"; };
		185291C01E29EE7F001C9272 /* Info.plist */ = {isa = PBXFileReference; lastKnownFileType = text.plist.xml; path = Info.plist; sourceTree = "<group>"; };
		185291C51E29EE80001C9272 /* LInkedListTestTests.xctest */ = {isa = PBXFileReference; explicitFileType = wrapper.cfbundle; includeInIndex = 0; path = LInkedListTestTests.xctest; sourceTree = BUILT_PRODUCTS_DIR; };
		185291CB1E29EE80001C9272 /* Info.plist */ = {isa = PBXFileReference; lastKnownFileType = text.plist.xml; path = Info.plist; sourceTree = "<group>"; };
		185291D61E29EE80001C9272 /* Info.plist */ = {isa = PBXFileReference; lastKnownFileType = text.plist.xml; path = Info.plist; sourceTree = "<group>"; };
		185291E21E29EE8D001C9272 /* LinkedList.swift */ = {isa = PBXFileReference; fileEncoding = 4; lastKnownFileType = sourcecode.swift; path = LinkedList.swift; sourceTree = "<group>"; };
		185291E61E29EF2E001C9272 /* LinkedListTests.swift */ = {isa = PBXFileReference; fileEncoding = 4; lastKnownFileType = sourcecode.swift; path = LinkedListTests.swift; sourceTree = "<group>"; };
		185291EA1E29F799001C9272 /* index.html */ = {isa = PBXFileReference; fileEncoding = 4; lastKnownFileType = text.html; path = index.html; sourceTree = "<group>"; };
		185291EC1E29F799001C9272 /* application.css */ = {isa = PBXFileReference; fileEncoding = 4; lastKnownFileType = text.css; path = application.css; sourceTree = "<group>"; };
		185291ED1E29F799001C9272 /* application.js */ = {isa = PBXFileReference; fileEncoding = 4; lastKnownFileType = sourcecode.javascript; path = application.js; sourceTree = "<group>"; };
		185291EE1E29F799001C9272 /* bootstrap.min.css */ = {isa = PBXFileReference; fileEncoding = 4; lastKnownFileType = text.css; path = bootstrap.min.css; sourceTree = "<group>"; };
		185291EF1E29F799001C9272 /* bootstrap.min.js */ = {isa = PBXFileReference; fileEncoding = 4; lastKnownFileType = sourcecode.javascript; path = bootstrap.min.js; sourceTree = "<group>"; };
		185291F01E29F799001C9272 /* file_cpp.png */ = {isa = PBXFileReference; lastKnownFileType = image.png; path = file_cpp.png; sourceTree = "<group>"; };
		185291F11E29F799001C9272 /* file_objc.png */ = {isa = PBXFileReference; lastKnownFileType = image.png; path = file_objc.png; sourceTree = "<group>"; };
		185291F21E29F799001C9272 /* file_swift.png */ = {isa = PBXFileReference; lastKnownFileType = image.png; path = file_swift.png; sourceTree = "<group>"; };
		185291F31E29F799001C9272 /* jquery.min.js */ = {isa = PBXFileReference; fileEncoding = 4; lastKnownFileType = sourcecode.javascript; path = jquery.min.js; sourceTree = "<group>"; };
		185291F41E29F799001C9272 /* main.css */ = {isa = PBXFileReference; fileEncoding = 4; lastKnownFileType = text.css; path = main.css; sourceTree = "<group>"; };
		185291F51E29F799001C9272 /* main.js */ = {isa = PBXFileReference; fileEncoding = 4; lastKnownFileType = sourcecode.javascript; path = main.js; sourceTree = "<group>"; };
		185291F61E29F799001C9272 /* opensans.css */ = {isa = PBXFileReference; fileEncoding = 4; lastKnownFileType = text.css; path = opensans.css; sourceTree = "<group>"; };
		185291F71E29F799001C9272 /* xcov_logo.png */ = {isa = PBXFileReference; lastKnownFileType = image.png; path = xcov_logo.png; sourceTree = "<group>"; };
/* End PBXFileReference section */

/* Begin PBXFrameworksBuildPhase section */
		185291AE1E29EE7F001C9272 /* Frameworks */ = {
			isa = PBXFrameworksBuildPhase;
			buildActionMask = 2147483647;
			files = (
			);
			runOnlyForDeploymentPostprocessing = 0;
		};
		185291C21E29EE80001C9272 /* Frameworks */ = {
			isa = PBXFrameworksBuildPhase;
			buildActionMask = 2147483647;
			files = (
			);
			runOnlyForDeploymentPostprocessing = 0;
		};
/* End PBXFrameworksBuildPhase section */

/* Begin PBXGroup section */
		185291A81E29EE7F001C9272 = {
			isa = PBXGroup;
			children = (
				185291B31E29EE7F001C9272 /* LInkedListTest */,
				185291C81E29EE80001C9272 /* LInkedListTestTests */,
				185291D31E29EE80001C9272 /* LInkedListTestUITests */,
				185291B21E29EE7F001C9272 /* Products */,
			);
			sourceTree = "<group>";
		};
		185291B21E29EE7F001C9272 /* Products */ = {
			isa = PBXGroup;
			children = (
				185291B11E29EE7F001C9272 /* LInkedListTest.app */,
				185291C51E29EE80001C9272 /* LInkedListTestTests.xctest */,
			);
			name = Products;
			sourceTree = "<group>";
		};
		185291B31E29EE7F001C9272 /* LInkedListTest */ = {
			isa = PBXGroup;
			children = (
				185291E91E29F799001C9272 /* xcov_output */,
				185291B41E29EE7F001C9272 /* AppDelegate.swift */,
				185291E21E29EE8D001C9272 /* LinkedList.swift */,
				185291B61E29EE7F001C9272 /* ViewController.swift */,
				185291B81E29EE7F001C9272 /* Main.storyboard */,
				185291BB1E29EE7F001C9272 /* Assets.xcassets */,
				185291BD1E29EE7F001C9272 /* LaunchScreen.storyboard */,
				185291C01E29EE7F001C9272 /* Info.plist */,
			);
			path = LInkedListTest;
			sourceTree = "<group>";
		};
		185291C81E29EE80001C9272 /* LInkedListTestTests */ = {
			isa = PBXGroup;
			children = (
				185291E61E29EF2E001C9272 /* LinkedListTests.swift */,
				185291CB1E29EE80001C9272 /* Info.plist */,
			);
			path = LInkedListTestTests;
			sourceTree = "<group>";
		};
		185291D31E29EE80001C9272 /* LInkedListTestUITests */ = {
			isa = PBXGroup;
			children = (
				185291D61E29EE80001C9272 /* Info.plist */,
			);
			path = LInkedListTestUITests;
			sourceTree = "<group>";
		};
		185291E91E29F799001C9272 /* xcov_output */ = {
			isa = PBXGroup;
			children = (
				185291EA1E29F799001C9272 /* index.html */,
				185291EB1E29F799001C9272 /* resources */,
			);
			path = xcov_output;
			sourceTree = "<group>";
		};
		185291EB1E29F799001C9272 /* resources */ = {
			isa = PBXGroup;
			children = (
				185291EC1E29F799001C9272 /* application.css */,
				185291ED1E29F799001C9272 /* application.js */,
				185291EE1E29F799001C9272 /* bootstrap.min.css */,
				185291EF1E29F799001C9272 /* bootstrap.min.js */,
				185291F01E29F799001C9272 /* file_cpp.png */,
				185291F11E29F799001C9272 /* file_objc.png */,
				185291F21E29F799001C9272 /* file_swift.png */,
				185291F31E29F799001C9272 /* jquery.min.js */,
				185291F41E29F799001C9272 /* main.css */,
				185291F51E29F799001C9272 /* main.js */,
				185291F61E29F799001C9272 /* opensans.css */,
				185291F71E29F799001C9272 /* xcov_logo.png */,
			);
			path = resources;
			sourceTree = "<group>";
		};
/* End PBXGroup section */

/* Begin PBXNativeTarget section */
		185291B01E29EE7F001C9272 /* LInkedListTest */ = {
			isa = PBXNativeTarget;
			buildConfigurationList = 185291D91E29EE80001C9272 /* Build configuration list for PBXNativeTarget "LInkedListTest" */;
			buildPhases = (
				185291AD1E29EE7F001C9272 /* Sources */,
				185291AE1E29EE7F001C9272 /* Frameworks */,
				185291AF1E29EE7F001C9272 /* Resources */,
			);
			buildRules = (
			);
			dependencies = (
			);
			name = LInkedListTest;
			productName = LInkedListTest;
			productReference = 185291B11E29EE7F001C9272 /* LInkedListTest.app */;
			productType = "com.apple.product-type.application";
		};
		185291C41E29EE80001C9272 /* LInkedListTestTests */ = {
			isa = PBXNativeTarget;
			buildConfigurationList = 185291DC1E29EE80001C9272 /* Build configuration list for PBXNativeTarget "LInkedListTestTests" */;
			buildPhases = (
				185291C11E29EE80001C9272 /* Sources */,
				185291C21E29EE80001C9272 /* Frameworks */,
				185291C31E29EE80001C9272 /* Resources */,
			);
			buildRules = (
			);
			dependencies = (
				185291C71E29EE80001C9272 /* PBXTargetDependency */,
			);
			name = LInkedListTestTests;
			productName = LInkedListTestTests;
			productReference = 185291C51E29EE80001C9272 /* LInkedListTestTests.xctest */;
			productType = "com.apple.product-type.bundle.unit-test";
		};
/* End PBXNativeTarget section */

/* Begin PBXProject section */
		185291A91E29EE7F001C9272 /* Project object */ = {
			isa = PBXProject;
			attributes = {
				LastSwiftUpdateCheck = 0810;
				LastUpgradeCheck = 0810;
				ORGANIZATIONNAME = Apple;
				TargetAttributes = {
					185291B01E29EE7F001C9272 = {
						CreatedOnToolsVersion = 8.1;
						DevelopmentTeam = BW2JUPK3JZ;
						ProvisioningStyle = Automatic;
					};
					185291C41E29EE80001C9272 = {
						CreatedOnToolsVersion = 8.1;
						DevelopmentTeam = BW2JUPK3JZ;
						ProvisioningStyle = Automatic;
						TestTargetID = 185291B01E29EE7F001C9272;
					};
				};
			};
			buildConfigurationList = 185291AC1E29EE7F001C9272 /* Build configuration list for PBXProject "LInkedListTest" */;
			compatibilityVersion = "Xcode 3.2";
			developmentRegion = English;
			hasScannedForEncodings = 0;
			knownRegions = (
				en,
				Base,
			);
			mainGroup = 185291A81E29EE7F001C9272;
			productRefGroup = 185291B21E29EE7F001C9272 /* Products */;
			projectDirPath = "";
			projectRoot = "";
			targets = (
				185291B01E29EE7F001C9272 /* LInkedListTest */,
				185291C41E29EE80001C9272 /* LInkedListTestTests */,
			);
		};
/* End PBXProject section */

/* Begin PBXResourcesBuildPhase section */
		185291AF1E29EE7F001C9272 /* Resources */ = {
			isa = PBXResourcesBuildPhase;
			buildActionMask = 2147483647;
			files = (
				185292041E29F799001C9272 /* xcov_logo.png in Resources */,
				185291BF1E29EE7F001C9272 /* LaunchScreen.storyboard in Resources */,
				185291FE1E29F799001C9272 /* file_objc.png in Resources */,
				185291FD1E29F799001C9272 /* file_cpp.png in Resources */,
				185291BC1E29EE7F001C9272 /* Assets.xcassets in Resources */,
				185291BA1E29EE7F001C9272 /* Main.storyboard in Resources */,
				185292021E29F799001C9272 /* main.js in Resources */,
				185292001E29F799001C9272 /* jquery.min.js in Resources */,
				185291FF1E29F799001C9272 /* file_swift.png in Resources */,
			);
			runOnlyForDeploymentPostprocessing = 0;
		};
		185291C31E29EE80001C9272 /* Resources */ = {
			isa = PBXResourcesBuildPhase;
			buildActionMask = 2147483647;
			files = (
			);
			runOnlyForDeploymentPostprocessing = 0;
		};
/* End PBXResourcesBuildPhase section */

/* Begin PBXSourcesBuildPhase section */
		185291AD1E29EE7F001C9272 /* Sources */ = {
			isa = PBXSourcesBuildPhase;
			buildActionMask = 2147483647;
			files = (
				185291E31E29EE8D001C9272 /* LinkedList.swift in Sources */,
				185291B71E29EE7F001C9272 /* ViewController.swift in Sources */,
				185291B51E29EE7F001C9272 /* AppDelegate.swift in Sources */,
			);
			runOnlyForDeploymentPostprocessing = 0;
		};
		185291C11E29EE80001C9272 /* Sources */ = {
			isa = PBXSourcesBuildPhase;
			buildActionMask = 2147483647;
			files = (
				185291E81E29EF96001C9272 /* LinkedList.swift in Sources */,
				185291E71E29EF2E001C9272 /* LinkedListTests.swift in Sources */,
			);
			runOnlyForDeploymentPostprocessing = 0;
		};
/* End PBXSourcesBuildPhase section */

/* Begin PBXTargetDependency section */
		185291C71E29EE80001C9272 /* PBXTargetDependency */ = {
			isa = PBXTargetDependency;
			target = 185291B01E29EE7F001C9272 /* LInkedListTest */;
			targetProxy = 185291C61E29EE80001C9272 /* PBXContainerItemProxy */;
		};
/* End PBXTargetDependency section */

/* Begin PBXVariantGroup section */
		185291B81E29EE7F001C9272 /* Main.storyboard */ = {
			isa = PBXVariantGroup;
			children = (
				185291B91E29EE7F001C9272 /* Base */,
			);
			name = Main.storyboard;
			sourceTree = "<group>";
		};
		185291BD1E29EE7F001C9272 /* LaunchScreen.storyboard */ = {
			isa = PBXVariantGroup;
			children = (
				185291BE1E29EE7F001C9272 /* Base */,
			);
			name = LaunchScreen.storyboard;
			sourceTree = "<group>";
		};
/* End PBXVariantGroup section */

/* Begin XCBuildConfiguration section */
		185291D71E29EE80001C9272 /* Debug */ = {
			isa = XCBuildConfiguration;
			buildSettings = {
				ALWAYS_SEARCH_USER_PATHS = NO;
				CLANG_ANALYZER_NONNULL = YES;
				CLANG_CXX_LANGUAGE_STANDARD = "gnu++0x";
				CLANG_CXX_LIBRARY = "libc++";
				CLANG_ENABLE_MODULES = YES;
				CLANG_ENABLE_OBJC_ARC = YES;
				CLANG_WARN_BOOL_CONVERSION = YES;
				CLANG_WARN_CONSTANT_CONVERSION = YES;
				CLANG_WARN_DIRECT_OBJC_ISA_USAGE = YES_ERROR;
				CLANG_WARN_DOCUMENTATION_COMMENTS = YES;
				CLANG_WARN_EMPTY_BODY = YES;
				CLANG_WARN_ENUM_CONVERSION = YES;
				CLANG_WARN_INFINITE_RECURSION = YES;
				CLANG_WARN_INT_CONVERSION = YES;
				CLANG_WARN_OBJC_ROOT_CLASS = YES_ERROR;
				CLANG_WARN_SUSPICIOUS_MOVES = YES;
				CLANG_WARN_UNREACHABLE_CODE = YES;
				CLANG_WARN__DUPLICATE_METHOD_MATCH = YES;
				"CODE_SIGN_IDENTITY[sdk=iphoneos*]" = "iPhone Developer";
				COPY_PHASE_STRIP = NO;
				DEBUG_INFORMATION_FORMAT = dwarf;
				ENABLE_STRICT_OBJC_MSGSEND = YES;
				ENABLE_TESTABILITY = YES;
				GCC_C_LANGUAGE_STANDARD = gnu99;
				GCC_DYNAMIC_NO_PIC = NO;
				GCC_NO_COMMON_BLOCKS = YES;
				GCC_OPTIMIZATION_LEVEL = 0;
				GCC_PREPROCESSOR_DEFINITIONS = (
					"DEBUG=1",
					"$(inherited)",
				);
				GCC_WARN_64_TO_32_BIT_CONVERSION = YES;
				GCC_WARN_ABOUT_RETURN_TYPE = YES_ERROR;
				GCC_WARN_UNDECLARED_SELECTOR = YES;
				GCC_WARN_UNINITIALIZED_AUTOS = YES_AGGRESSIVE;
				GCC_WARN_UNUSED_FUNCTION = YES;
				GCC_WARN_UNUSED_VARIABLE = YES;
				IPHONEOS_DEPLOYMENT_TARGET = 10.1;
				MTL_ENABLE_DEBUG_INFO = YES;
				ONLY_ACTIVE_ARCH = YES;
				SDKROOT = iphoneos;
				SWIFT_ACTIVE_COMPILATION_CONDITIONS = DEBUG;
				SWIFT_OPTIMIZATION_LEVEL = "-Onone";
				TARGETED_DEVICE_FAMILY = "1,2";
			};
			name = Debug;
		};
		185291D81E29EE80001C9272 /* Release */ = {
			isa = XCBuildConfiguration;
			buildSettings = {
				ALWAYS_SEARCH_USER_PATHS = NO;
				CLANG_ANALYZER_NONNULL = YES;
				CLANG_CXX_LANGUAGE_STANDARD = "gnu++0x";
				CLANG_CXX_LIBRARY = "libc++";
				CLANG_ENABLE_MODULES = YES;
				CLANG_ENABLE_OBJC_ARC = YES;
				CLANG_WARN_BOOL_CONVERSION = YES;
				CLANG_WARN_CONSTANT_CONVERSION = YES;
				CLANG_WARN_DIRECT_OBJC_ISA_USAGE = YES_ERROR;
				CLANG_WARN_DOCUMENTATION_COMMENTS = YES;
				CLANG_WARN_EMPTY_BODY = YES;
				CLANG_WARN_ENUM_CONVERSION = YES;
				CLANG_WARN_INFINITE_RECURSION = YES;
				CLANG_WARN_INT_CONVERSION = YES;
				CLANG_WARN_OBJC_ROOT_CLASS = YES_ERROR;
				CLANG_WARN_SUSPICIOUS_MOVES = YES;
				CLANG_WARN_UNREACHABLE_CODE = YES;
				CLANG_WARN__DUPLICATE_METHOD_MATCH = YES;
				"CODE_SIGN_IDENTITY[sdk=iphoneos*]" = "iPhone Developer";
				COPY_PHASE_STRIP = NO;
				DEBUG_INFORMATION_FORMAT = "dwarf-with-dsym";
				ENABLE_NS_ASSERTIONS = NO;
				ENABLE_STRICT_OBJC_MSGSEND = YES;
				GCC_C_LANGUAGE_STANDARD = gnu99;
				GCC_NO_COMMON_BLOCKS = YES;
				GCC_WARN_64_TO_32_BIT_CONVERSION = YES;
				GCC_WARN_ABOUT_RETURN_TYPE = YES_ERROR;
				GCC_WARN_UNDECLARED_SELECTOR = YES;
				GCC_WARN_UNINITIALIZED_AUTOS = YES_AGGRESSIVE;
				GCC_WARN_UNUSED_FUNCTION = YES;
				GCC_WARN_UNUSED_VARIABLE = YES;
				IPHONEOS_DEPLOYMENT_TARGET = 10.1;
				MTL_ENABLE_DEBUG_INFO = NO;
				SDKROOT = iphoneos;
				SWIFT_OPTIMIZATION_LEVEL = "-Owholemodule";
				TARGETED_DEVICE_FAMILY = "1,2";
				VALIDATE_PRODUCT = YES;
			};
			name = Release;
		};
		185291DA1E29EE80001C9272 /* Debug */ = {
			isa = XCBuildConfiguration;
			buildSettings = {
				ASSETCATALOG_COMPILER_APPICON_NAME = AppIcon;
				DEVELOPMENT_TEAM = BW2JUPK3JZ;
				INFOPLIST_FILE = LInkedListTest/Info.plist;
				LD_RUNPATH_SEARCH_PATHS = "$(inherited) @executable_path/Frameworks";
				PRODUCT_BUNDLE_IDENTIFIER = com.kumar.LInkedListTest;
				PRODUCT_NAME = "$(TARGET_NAME)";
				SWIFT_VERSION = 3.0;
			};
			name = Debug;
		};
		185291DB1E29EE80001C9272 /* Release */ = {
			isa = XCBuildConfiguration;
			buildSettings = {
				ASSETCATALOG_COMPILER_APPICON_NAME = AppIcon;
				DEVELOPMENT_TEAM = BW2JUPK3JZ;
				INFOPLIST_FILE = LInkedListTest/Info.plist;
				LD_RUNPATH_SEARCH_PATHS = "$(inherited) @executable_path/Frameworks";
				PRODUCT_BUNDLE_IDENTIFIER = com.kumar.LInkedListTest;
				PRODUCT_NAME = "$(TARGET_NAME)";
				SWIFT_VERSION = 3.0;
			};
			name = Release;
		};
		185291DD1E29EE80001C9272 /* Debug */ = {
			isa = XCBuildConfiguration;
			buildSettings = {
				ALWAYS_EMBED_SWIFT_STANDARD_LIBRARIES = YES;
				BUNDLE_LOADER = "$(TEST_HOST)";
				DEVELOPMENT_TEAM = BW2JUPK3JZ;
				INFOPLIST_FILE = LInkedListTestTests/Info.plist;
				LD_RUNPATH_SEARCH_PATHS = "$(inherited) @executable_path/Frameworks @loader_path/Frameworks";
				PRODUCT_BUNDLE_IDENTIFIER = com.kumar.LInkedListTestTests;
				PRODUCT_NAME = "$(TARGET_NAME)";
				SWIFT_VERSION = 3.0;
				TEST_HOST = "$(BUILT_PRODUCTS_DIR)/LInkedListTest.app/LInkedListTest";
			};
			name = Debug;
		};
		185291DE1E29EE80001C9272 /* Release */ = {
			isa = XCBuildConfiguration;
			buildSettings = {
				ALWAYS_EMBED_SWIFT_STANDARD_LIBRARIES = YES;
				BUNDLE_LOADER = "$(TEST_HOST)";
				DEVELOPMENT_TEAM = BW2JUPK3JZ;
				INFOPLIST_FILE = LInkedListTestTests/Info.plist;
				LD_RUNPATH_SEARCH_PATHS = "$(inherited) @executable_path/Frameworks @loader_path/Frameworks";
				PRODUCT_BUNDLE_IDENTIFIER = com.kumar.LInkedListTestTests;
				PRODUCT_NAME = "$(TARGET_NAME)";
				SWIFT_VERSION = 3.0;
				TEST_HOST = "$(BUILT_PRODUCTS_DIR)/LInkedListTest.app/LInkedListTest";
			};
			name = Release;
		};
/* End XCBuildConfiguration section */

/* Begin XCConfigurationList section */
		185291AC1E29EE7F001C9272 /* Build configuration list for PBXProject "LInkedListTest" */ = {
			isa = XCConfigurationList;
			buildConfigurations = (
				185291D71E29EE80001C9272 /* Debug */,
				185291D81E29EE80001C9272 /* Release */,
			);
			defaultConfigurationIsVisible = 0;
			defaultConfigurationName = Release;
		};
		185291D91E29EE80001C9272 /* Build configuration list for PBXNativeTarget "LInkedListTest" */ = {
			isa = XCConfigurationList;
			buildConfigurations = (
				185291DA1E29EE80001C9272 /* Debug */,
				185291DB1E29EE80001C9272 /* Release */,
			);
			defaultConfigurationIsVisible = 0;
		};
		185291DC1E29EE80001C9272 /* Build configuration list for PBXNativeTarget "LInkedListTestTests" */ = {
			isa = XCConfigurationList;
			buildConfigurations = (
				185291DD1E29EE80001C9272 /* Debug */,
				185291DE1E29EE80001C9272 /* Release */,
			);
			defaultConfigurationIsVisible = 0;
		};
/* End XCConfigurationList section */
	};
	rootObject = 185291A91E29EE7F001C9272 /* Project object */;
}
